# This file is autogenerated, do not edit; changes may be undone by the next 'dep ensure'.


[[projects]]
  branch = "master"
  name = "github.com/MakeNowJust/heredoc"
  packages = ["."]
  revision = "e9091a26100e9cfb2b6a8f470085bfa541931a91"

[[projects]]
  branch = "master"
  name = "github.com/mailru/easyjson"
  packages = [
    ".",
    "buffer",
    "jlexer",
    "jwriter"
  ]
  revision = "517203d186eb343d3df4068565cc0446b450d2c4"

[[projects]]
  name = "github.com/olivere/elastic"
  packages = [
    ".",
    "config",
    "uritemplates"
  ]
  revision = "f9243358b15391d76b5d0e2cb816442f9cded8cc"
  version = "v6.1.12"

[[projects]]
  name = "github.com/pkg/errors"
  packages = ["."]
  revision = "645ef00459ed84a119197bfb8d8205042c6df63d"
  version = "v0.8.0"

[[projects]]
  branch = "master"
  name = "github.com/redhat-nfvpe/service-assurance-poc"
  packages = [
    "amqp",
    "config",
    "elasticsearch"
  ]
  revision = "403b30f995c15df1a9264e6e9fad9001457cfb9b"

[[projects]]
  name = "github.com/satori/go.uuid"
  packages = ["."]
  revision = "f58768cc1a7a7e77a3bd49e98cdd21419399b6a3"
  version = "v1.2.0"

[[projects]]
  branch = "go1"
  name = "qpid.apache.org"
  packages = [
    "amqp",
    "electron",
    "proton"
  ]
  revision = "b25d21e6779a011e972a5f00e433e2034b793da1"

[solve-meta]
  analyzer-name = "dep"
  analyzer-version = 1
  inputs-digest = "9841746a9178b45c6badea8b3a64750fe4981a80803e6726e069cea08d4c493e"
  solver-name = "gps-cdcl"
  solver-version = 1
