# This file is autogenerated, do not edit; changes may be undone by the next 'dep ensure'.


[[projects]]
  branch = "master"
  name = "github.com/MakeNowJust/heredoc"
  packages = ["."]
  revision = "e9091a26100e9cfb2b6a8f470085bfa541931a91"

[[projects]]
  branch = "master"
  name = "github.com/beorn7/perks"
  packages = ["quantile"]
  revision = "3a771d992973f24aa725d07868b467d1ddfceafb"

[[projects]]
  name = "github.com/golang/protobuf"
  packages = ["proto"]
  revision = "925541529c1fa6821df4e44ce2723319eb2be768"
  version = "v1.0.0"

[[projects]]
  name = "github.com/matttproud/golang_protobuf_extensions"
  packages = ["pbutil"]
  revision = "3247c84500bff8d9fb6d579d800f20b3e091582c"
  version = "v1.0.0"

[[projects]]
  name = "github.com/prometheus/client_golang"
  packages = ["prometheus"]
  revision = "c5b7fccd204277076155f10851dad72b76a49317"
  version = "v0.8.0"

[[projects]]
  branch = "master"
  name = "github.com/prometheus/client_model"
  packages = ["go"]
  revision = "99fa1f4be8e564e8a6b613da7fa6f46c9edafc6c"

[[projects]]
  branch = "master"
  name = "github.com/prometheus/common"
  packages = [
    "expfmt",
    "internal/bitbucket.org/ww/goautoneg",
    "model"
  ]
  revision = "e4aa40a9169a88835b849a6efb71e05dc04b88f0"

[[projects]]
  branch = "master"
  name = "github.com/prometheus/procfs"
  packages = [
    ".",
    "internal/util",
    "nfs",
    "xfs"
  ]
  revision = "780932d4fbbe0e69b84c34c20f5c8d0981e109ea"

[[projects]]
  branch = "master"
  name = "github.com/redhat-nfvpe/service-assurance-poc"
  packages = [
    "amqp",
    "cacheutil",
    "config",
    "incoming",
    "tsdb"
  ]
  revision = "403b30f995c15df1a9264e6e9fad9001457cfb9b"

[[projects]]
  branch = "go1"
  name = "qpid.apache.org"
  packages = [
    "amqp",
    "electron",
    "proton"
  ]
  revision = "b25d21e6779a011e972a5f00e433e2034b793da1"

[solve-meta]
  analyzer-name = "dep"
  analyzer-version = 1
  inputs-digest = "4628dfcf61ec81940bf238f9a28d9fc93d4c40ea1f3b455dc5ebf20e54033fb9"
  solver-name = "gps-cdcl"
  solver-version = 1
